Microsoft Visual Studio Solution File, Format Version 12.00
# Visual Studio Version 17
VisualStudioVersion = 17.5.2.0
MinimumVisualStudioVersion = 10.0.40219.1
Project("{FAE04EC0-301F-11D3-BF4B-00C04F79EFBC}") = "simple-array-sum", "simple-array-sum.csproj", "{324293E3-7CFB-6366-AE6C-5155C7FB5325}"
EndProject
Global
	GlobalSection(SolutionConfigurationPlatforms) = preSolution
		Debug|Any CPU = Debug|Any CPU
		Release|Any CPU = Release|Any CPU
	EndGlobalSection
	GlobalSection(ProjectConfigurationPlatforms) = postSolution
		{324293E3-7CFB-6366-AE6C-5155C7FB5325}.Debug|Any CPU.ActiveCfg = Debug|Any CPU
		{324293E3-7CFB-6366-AE6C-5155C7FB5325}.Debug|Any CPU.Build.0 = Debug|Any CPU
		{324293E3-7CFB-6366-AE6C-5155C7FB5325}.Release|Any CPU.ActiveCfg = Release|Any CPU
		{324293E3-7CFB-6366-AE6C-5155C7FB5325}.Release|Any CPU.Build.0 = Release|Any CPU
	EndGlobalSection
	GlobalSection(SolutionProperties) = preSolution
		HideSolutionNode = FALSE
	EndGlobalSection
	GlobalSection(ExtensibilityGlobals) = postSolution
		SolutionGuid = {46EBD297-88BE-4D7D-862D-F62704F14C7F}
	EndGlobalSection
EndGlobal
